// !$*UTF8*$!
{
	archiveVersion = 1;
	classes = {
	};
	objectVersion = 46;
	objects = {

/* Begin PBXBuildFile section */
		A548302B17941C9F001F72C8 /* Photos in Resources */ = {isa = PBXBuildFile; fileRef = A548302A17941C9F001F72C8 /* Photos */; };
		A548302D1796C944001F72C8 /* LII.png in Resources */ = {isa = PBXBuildFile; fileRef = A548302C1796C944001F72C8 /* LII.png */; };
		A54830341798031D001F72C8 /* about_icon.png in Resources */ = {isa = PBXBuildFile; fileRef = A548302E1798031B001F72C8 /* about_icon.png */; };
		A54830351798031D001F72C8 /* about_icon@2x.png in Resources */ = {isa = PBXBuildFile; fileRef = A548302F1798031B001F72C8 /* about_icon@2x.png */; };
		A54830361798031D001F72C8 /* flights_icon.png in Resources */ = {isa = PBXBuildFile; fileRef = A54830301798031C001F72C8 /* flights_icon.png */; };
		A54830371798031D001F72C8 /* flights_icon@2x.png in Resources */ = {isa = PBXBuildFile; fileRef = A54830311798031C001F72C8 /* flights_icon@2x.png */; };
		A54830381798031D001F72C8 /* static_icon.png in Resources */ = {isa = PBXBuildFile; fileRef = A54830321798031D001F72C8 /* static_icon.png */; };
		A54830391798031D001F72C8 /* static_icon@2x.png in Resources */ = {isa = PBXBuildFile; fileRef = A54830331798031D001F72C8 /* static_icon@2x.png */; };
		A548303B179803E8001F72C8 /* lii_icon_iphone.png in Resources */ = {isa = PBXBuildFile; fileRef = A548303A179803E7001F72C8 /* lii_icon_iphone.png */; };
		A548303D179803EB001F72C8 /* lii_icon_iphone@2x.png in Resources */ = {isa = PBXBuildFile; fileRef = A548303C179803EB001F72C8 /* lii_icon_iphone@2x.png */; };
		A548303F179803F2001F72C8 /* lii_icon.png in Resources */ = {isa = PBXBuildFile; fileRef = A548303E179803F2001F72C8 /* lii_icon.png */; };
		A5483041179803FF001F72C8 /* lii_icon@2x.png in Resources */ = {isa = PBXBuildFile; fileRef = A5483040179803FF001F72C8 /* lii_icon@2x.png */; };
		A548304417980E94001F72C8 /* Strings.strings in Resources */ = {isa = PBXBuildFile; fileRef = A548304617980E94001F72C8 /* Strings.strings */; };
		A558063B17A0F85200A3CE83 /* MapKit.framework in Frameworks */ = {isa = PBXBuildFile; fileRef = A558063A17A0F85100A3CE83 /* MapKit.framework */; };
		A558063E17A1974900A3CE83 /* location-icon.png in Resources */ = {isa = PBXBuildFile; fileRef = A558063D17A1974900A3CE83 /* location-icon.png */; };
		A5BB3ECF178D858600051D15 /* UIKit.framework in Frameworks */ = {isa = PBXBuildFile; fileRef = A5BB3ECE178D858600051D15 /* UIKit.framework */; };
		A5BB3ED1178D858600051D15 /* Foundation.framework in Frameworks */ = {isa = PBXBuildFile; fileRef = A5BB3ED0178D858600051D15 /* Foundation.framework */; };
		A5BB3ED3178D858600051D15 /* CoreGraphics.framework in Frameworks */ = {isa = PBXBuildFile; fileRef = A5BB3ED2178D858600051D15 /* CoreGraphics.framework */; };
		A5BB3EDB178D858600051D15 /* main.m in Sources */ = {isa = PBXBuildFile; fileRef = A5BB3EDA178D858600051D15 /* main.m */; };
		A5BB3EE1178D858600051D15 /* Default.png in Resources */ = {isa = PBXBuildFile; fileRef = A5BB3EE0178D858600051D15 /* Default.png */; };
		A5BB3EE3178D858600051D15 /* Default@2x.png in Resources */ = {isa = PBXBuildFile; fileRef = A5BB3EE2178D858600051D15 /* Default@2x.png */; };
		A5BB3EE5178D858600051D15 /* Default-568h@2x.png in Resources */ = {isa = PBXBuildFile; fileRef = A5BB3EE4178D858600051D15 /* Default-568h@2x.png */; };
		A5BB3EFC178D864500051D15 /* ASAppDelegate.m in Sources */ = {isa = PBXBuildFile; fileRef = A5BB3EF5178D864500051D15 /* ASAppDelegate.m */; };
		A5BB3EFD178D864500051D15 /* ASExpoItemView.m in Sources */ = {isa = PBXBuildFile; fileRef = A5BB3EF7178D864500051D15 /* ASExpoItemView.m */; };
		A5BB3EFE178D864500051D15 /* ASExpoView.m in Sources */ = {isa = PBXBuildFile; fileRef = A5BB3EF9178D864500051D15 /* ASExpoView.m */; };
		A5BB3EFF178D864500051D15 /* ASExpoViewController.m in Sources */ = {isa = PBXBuildFile; fileRef = A5BB3EFB178D864500051D15 /* ASExpoViewController.m */; };
		A5BB3F02178D865500051D15 /* ASFlight.m in Sources */ = {isa = PBXBuildFile; fileRef = A5BB3F01178D865500051D15 /* ASFlight.m */; };
		A5BB3F05178D866400051D15 /* ASFlightDetailsViewController.m in Sources */ = {isa = PBXBuildFile; fileRef = A5BB3F04178D866400051D15 /* ASFlightDetailsViewController.m */; };
		A5BB3F0A178D867400051D15 /* ASFlightsDay.m in Sources */ = {isa = PBXBuildFile; fileRef = A5BB3F07178D867400051D15 /* ASFlightsDay.m */; };
		A5BB3F0B178D867400051D15 /* ASFlightsModel.m in Sources */ = {isa = PBXBuildFile; fileRef = A5BB3F09178D867400051D15 /* ASFlightsModel.m */; };
		A5BB3F1E178D868700051D15 /* ASFlightsTableCell.m in Sources */ = {isa = PBXBuildFile; fileRef = A5BB3F0D178D868700051D15 /* ASFlightsTableCell.m */; };
		A5BB3F1F178D868700051D15 /* ASFlightsViewController.m in Sources */ = {isa = PBXBuildFile; fileRef = A5BB3F0F178D868700051D15 /* ASFlightsViewController.m */; };
		A5BB3F20178D868700051D15 /* ASGpsBinding.m in Sources */ = {isa = PBXBuildFile; fileRef = A5BB3F11178D868700051D15 /* ASGpsBinding.m */; };
		A5BB3F21178D868700051D15 /* ASPlane.m in Sources */ = {isa = PBXBuildFile; fileRef = A5BB3F13178D868700051D15 /* ASPlane.m */; };
		A5BB3F22178D868700051D15 /* ASPlaneDetailsViewController.m in Sources */ = {isa = PBXBuildFile; fileRef = A5BB3F15178D868700051D15 /* ASPlaneDetailsViewController.m */; };
		A5BB3F23178D868700051D15 /* ASPlanesModel.m in Sources */ = {isa = PBXBuildFile; fileRef = A5BB3F17178D868700051D15 /* ASPlanesModel.m */; };
		A5BB3F24178D868700051D15 /* ASPlanesSection.m in Sources */ = {isa = PBXBuildFile; fileRef = A5BB3F19178D868700051D15 /* ASPlanesSection.m */; };
		A5BB3F25178D868700051D15 /* ASPlanesViewController.m in Sources */ = {isa = PBXBuildFile; fileRef = A5BB3F1B178D868700051D15 /* ASPlanesViewController.m */; };
		A5BB3F26178D868700051D15 /* ASPoint.m in Sources */ = {isa = PBXBuildFile; fileRef = A5BB3F1D178D868700051D15 /* ASPoint.m */; };
		A5BB3F33178D871000051D15 /* expo.json in Resources */ = {isa = PBXBuildFile; fileRef = A5BB3F30178D871000051D15 /* expo.json */; };
		A5BB3F34178D871000051D15 /* flights.json in Resources */ = {isa = PBXBuildFile; fileRef = A5BB3F31178D871000051D15 /* flights.json */; };
		A5BB3F35178D871000051D15 /* versions.json in Resources */ = {isa = PBXBuildFile; fileRef = A5BB3F32178D871000051D15 /* versions.json */; };
		A5BB3F45178D89ED00051D15 /* NSDate+DateCategories.m in Sources */ = {isa = PBXBuildFile; fileRef = A5BB3F42178D89ED00051D15 /* NSDate+DateCategories.m */; };
		A5BB3F46178D89ED00051D15 /* Reachability.m in Sources */ = {isa = PBXBuildFile; fileRef = A5BB3F44178D89ED00051D15 /* Reachability.m */; settings = {COMPILER_FLAGS = "-fno-objc-arc"; }; };
		A5BB3F48178D8A5E00051D15 /* SystemConfiguration.framework in Frameworks */ = {isa = PBXBuildFile; fileRef = A5BB3F47178D8A5E00051D15 /* SystemConfiguration.framework */; };
		A5BB3F4B178D8B4A00051D15 /* Descriptions in Resources */ = {isa = PBXBuildFile; fileRef = A5BB3F49178D8B4A00051D15 /* Descriptions */; };
		A5BB3F4C178D8B4A00051D15 /* Images in Resources */ = {isa = PBXBuildFile; fileRef = A5BB3F4A178D8B4A00051D15 /* Images */; };
		A5BB3F4E178D8BDD00051D15 /* CoreLocation.framework in Frameworks */ = {isa = PBXBuildFile; fileRef = A5BB3F4D178D8BDD00051D15 /* CoreLocation.framework */; };
		A5BB3F52178D8D0E00051D15 /* InfoPlist.strings in Resources */ = {isa = PBXBuildFile; fileRef = A5BB3ED7178D858600051D15 /* InfoPlist.strings */; };
		A5BB3F57178D8D7600051D15 /* MainStoryboard_iPad.storyboard in Resources */ = {isa = PBXBuildFile; fileRef = A5BB3F53178D8D7600051D15 /* MainStoryboard_iPad.storyboard */; };
		A5BB3F58178D8D7600051D15 /* MainStoryboard_iPhone.storyboard in Resources */ = {isa = PBXBuildFile; fileRef = A5BB3F55178D8D7600051D15 /* MainStoryboard_iPhone.storyboard */; };
/* End PBXBuildFile section */

/* Begin PBXFileReference section */
		A548302A17941C9F001F72C8 /* Photos */ = {isa = PBXFileReference; lastKnownFileType = folder; name = Photos; path = MosAirShow/Photos; sourceTree = "<group>"; };
		A548302C1796C944001F72C8 /* LII.png */ = {isa = PBXFileReference; lastKnownFileType = image.png; path = LII.png; sourceTree = "<group>"; };
		A548302E1798031B001F72C8 /* about_icon.png */ = {isa = PBXFileReference; lastKnownFileType = image.png; path = about_icon.png; sourceTree = "<group>"; };
		A548302F1798031B001F72C8 /* about_icon@2x.png */ = {isa = PBXFileReference; lastKnownFileType = image.png; path = "about_icon@2x.png"; sourceTree = "<group>"; };
		A54830301798031C001F72C8 /* flights_icon.png */ = {isa = PBXFileReference; lastKnownFileType = image.png; path = flights_icon.png; sourceTree = "<group>"; };
		A54830311798031C001F72C8 /* flights_icon@2x.png */ = {isa = PBXFileReference; lastKnownFileType = image.png; path = "flights_icon@2x.png"; sourceTree = "<group>"; };
		A54830321798031D001F72C8 /* static_icon.png */ = {isa = PBXFileReference; lastKnownFileType = image.png; path = static_icon.png; sourceTree = "<group>"; };
		A54830331798031D001F72C8 /* static_icon@2x.png */ = {isa = PBXFileReference; lastKnownFileType = image.png; path = "static_icon@2x.png"; sourceTree = "<group>"; };
		A548303A179803E7001F72C8 /* lii_icon_iphone.png */ = {isa = PBXFileReference; lastKnownFileType = image.png; name = lii_icon_iphone.png; path = ../lii_icon_iphone.png; sourceTree = "<group>"; };
		A548303C179803EB001F72C8 /* lii_icon_iphone@2x.png */ = {isa = PBXFileReference; lastKnownFileType = image.png; name = "lii_icon_iphone@2x.png"; path = "../lii_icon_iphone@2x.png"; sourceTree = "<group>"; };
		A548303E179803F2001F72C8 /* lii_icon.png */ = {isa = PBXFileReference; lastKnownFileType = image.png; name = lii_icon.png; path = ../lii_icon.png; sourceTree = "<group>"; };
		A5483040179803FF001F72C8 /* lii_icon@2x.png */ = {isa = PBXFileReference; lastKnownFileType = image.png; name = "lii_icon@2x.png"; path = "../lii_icon@2x.png"; sourceTree = "<group>"; };
		A548304517980E94001F72C8 /* en */ = {isa = PBXFileReference; lastKnownFileType = text.plist.strings; name = en; path = en.lproj/Strings.strings; sourceTree = "<group>"; };
		A548304717980E99001F72C8 /* ru */ = {isa = PBXFileReference; lastKnownFileType = text.plist.strings; name = ru; path = ru.lproj/Strings.strings; sourceTree = "<group>"; };
		A558063917A0F72100A3CE83 /* CGVector.h */ = {isa = PBXFileReference; fileEncoding = 4; lastKnownFileType = sourcecode.c.h; path = CGVector.h; sourceTree = "<group>"; };
		A558063A17A0F85100A3CE83 /* MapKit.framework */ = {isa = PBXFileReference; lastKnownFileType = wrapper.framework; name = MapKit.framework; path = System/Library/Frameworks/MapKit.framework; sourceTree = SDKROOT; };
		A558063C17A102BB00A3CE83 /* CGTriangle.h */ = {isa = PBXFileReference; fileEncoding = 4; lastKnownFileType = sourcecode.c.h; path = CGTriangle.h; sourceTree = "<group>"; };
		A558063D17A1974900A3CE83 /* location-icon.png */ = {isa = PBXFileReference; lastKnownFileType = image.png; path = "location-icon.png"; sourceTree = "<group>"; };
		A558063F17A53A5400A3CE83 /* ru */ = {isa = PBXFileReference; lastKnownFileType = file.storyboard; name = ru; path = ru.lproj/MainStoryboard_iPad.storyboard; sourceTree = "<group>"; };
		A5BB3ECB178D858600051D15 /* MosAirShow.app */ = {isa = PBXFileReference; explicitFileType = wrapper.application; includeInIndex = 0; path = MosAirShow.app; sourceTree = BUILT_PRODUCTS_DIR; };
		A5BB3ECE178D858600051D15 /* UIKit.framework */ = {isa = PBXFileReference; lastKnownFileType = wrapper.framework; name = UIKit.framework; path = System/Library/Frameworks/UIKit.framework; sourceTree = SDKROOT; };
		A5BB3ED0178D858600051D15 /* Foundation.framework */ = {isa = PBXFileReference; lastKnownFileType = wrapper.framework; name = Foundation.framework; path = System/Library/Frameworks/Foundation.framework; sourceTree = SDKROOT; };
		A5BB3ED2178D858600051D15 /* CoreGraphics.framework */ = {isa = PBXFileReference; lastKnownFileType = wrapper.framework; name = CoreGraphics.framework; path = System/Library/Frameworks/CoreGraphics.framework; sourceTree = SDKROOT; };
		A5BB3ED6178D858600051D15 /* MosAirShow-Info.plist */ = {isa = PBXFileReference; lastKnownFileType = text.plist.xml; path = "MosAirShow-Info.plist"; sourceTree = "<group>"; };
		A5BB3EDA178D858600051D15 /* main.m */ = {isa = PBXFileReference; lastKnownFileType = sourcecode.c.objc; path = main.m; sourceTree = "<group>"; };
		A5BB3EDC178D858600051D15 /* MosAirShow-Prefix.pch */ = {isa = PBXFileReference; lastKnownFileType = sourcecode.c.h; path = "MosAirShow-Prefix.pch"; sourceTree = "<group>"; };
		A5BB3EE0178D858600051D15 /* Default.png */ = {isa = PBXFileReference; lastKnownFileType = image.png; path = Default.png; sourceTree = "<group>"; };
		A5BB3EE2178D858600051D15 /* Default@2x.png */ = {isa = PBXFileReference; lastKnownFileType = image.png; path = "Default@2x.png"; sourceTree = "<group>"; };
		A5BB3EE4178D858600051D15 /* Default-568h@2x.png */ = {isa = PBXFileReference; lastKnownFileType = image.png; path = "Default-568h@2x.png"; sourceTree = "<group>"; };
		A5BB3EF4178D864500051D15 /* ASAppDelegate.h */ = {isa = PBXFileReference; fileEncoding = 4; lastKnownFileType = sourcecode.c.h; path = ASAppDelegate.h; sourceTree = "<group>"; };
		A5BB3EF5178D864500051D15 /* ASAppDelegate.m */ = {isa = PBXFileReference; fileEncoding = 4; lastKnownFileType = sourcecode.c.objc; path = ASAppDelegate.m; sourceTree = "<group>"; };
		A5BB3EF6178D864500051D15 /* ASExpoItemView.h */ = {isa = PBXFileReference; fileEncoding = 4; lastKnownFileType = sourcecode.c.h; path = ASExpoItemView.h; sourceTree = "<group>"; };
		A5BB3EF7178D864500051D15 /* ASExpoItemView.m */ = {isa = PBXFileReference; fileEncoding = 4; lastKnownFileType = sourcecode.c.objc; path = ASExpoItemView.m; sourceTree = "<group>"; };
		A5BB3EF8178D864500051D15 /* ASExpoView.h */ = {isa = PBXFileReference; fileEncoding = 4; lastKnownFileType = sourcecode.c.h; path = ASExpoView.h; sourceTree = "<group>"; };
		A5BB3EF9178D864500051D15 /* ASExpoView.m */ = {isa = PBXFileReference; fileEncoding = 4; lastKnownFileType = sourcecode.c.objc; path = ASExpoView.m; sourceTree = "<group>"; };
		A5BB3EFA178D864500051D15 /* ASExpoViewController.h */ = {isa = PBXFileReference; fileEncoding = 4; lastKnownFileType = sourcecode.c.h; path = ASExpoViewController.h; sourceTree = "<group>"; };
		A5BB3EFB178D864500051D15 /* ASExpoViewController.m */ = {isa = PBXFileReference; fileEncoding = 4; lastKnownFileType = sourcecode.c.objc; path = ASExpoViewController.m; sourceTree = "<group>"; };
		A5BB3F00178D865500051D15 /* ASFlight.h */ = {isa = PBXFileReference; fileEncoding = 4; lastKnownFileType = sourcecode.c.h; path = ASFlight.h; sourceTree = "<group>"; };
		A5BB3F01178D865500051D15 /* ASFlight.m */ = {isa = PBXFileReference; fileEncoding = 4; lastKnownFileType = sourcecode.c.objc; path = ASFlight.m; sourceTree = "<group>"; };
		A5BB3F03178D866400051D15 /* ASFlightDetailsViewController.h */ = {isa = PBXFileReference; fileEncoding = 4; lastKnownFileType = sourcecode.c.h; path = ASFlightDetailsViewController.h; sourceTree = "<group>"; };
		A5BB3F04178D866400051D15 /* ASFlightDetailsViewController.m */ = {isa = PBXFileReference; fileEncoding = 4; lastKnownFileType = sourcecode.c.objc; path = ASFlightDetailsViewController.m; sourceTree = "<group>"; };
		A5BB3F06178D867400051D15 /* ASFlightsDay.h */ = {isa = PBXFileReference; fileEncoding = 4; lastKnownFileType = sourcecode.c.h; path = ASFlightsDay.h; sourceTree = "<group>"; };
		A5BB3F07178D867400051D15 /* ASFlightsDay.m */ = {isa = PBXFileReference; fileEncoding = 4; lastKnownFileType = sourcecode.c.objc; path = ASFlightsDay.m; sourceTree = "<group>"; };
		A5BB3F08178D867400051D15 /* ASFlightsModel.h */ = {isa = PBXFileReference; fileEncoding = 4; lastKnownFileType = sourcecode.c.h; path = ASFlightsModel.h; sourceTree = "<group>"; };
		A5BB3F09178D867400051D15 /* ASFlightsModel.m */ = {isa = PBXFileReference; fileEncoding = 4; lastKnownFileType = sourcecode.c.objc; path = ASFlightsModel.m; sourceTree = "<group>"; };
		A5BB3F0C178D868700051D15 /* ASFlightsTableCell.h */ = {isa = PBXFileReference; fileEncoding = 4; lastKnownFileType = sourcecode.c.h; path = ASFlightsTableCell.h; sourceTree = "<group>"; };
		A5BB3F0D178D868700051D15 /* ASFlightsTableCell.m */ = {isa = PBXFileReference; fileEncoding = 4; lastKnownFileType = sourcecode.c.objc; path = ASFlightsTableCell.m; sourceTree = "<group>"; };
		A5BB3F0E178D868700051D15 /* ASFlightsViewController.h */ = {isa = PBXFileReference; fileEncoding = 4; lastKnownFileType = sourcecode.c.h; path = ASFlightsViewController.h; sourceTree = "<group>"; };
		A5BB3F0F178D868700051D15 /* ASFlightsViewController.m */ = {isa = PBXFileReference; fileEncoding = 4; lastKnownFileType = sourcecode.c.objc; path = ASFlightsViewController.m; sourceTree = "<group>"; };
		A5BB3F10178D868700051D15 /* ASGpsBinding.h */ = {isa = PBXFileReference; fileEncoding = 4; lastKnownFileType = sourcecode.c.h; path = ASGpsBinding.h; sourceTree = "<group>"; };
		A5BB3F11178D868700051D15 /* ASGpsBinding.m */ = {isa = PBXFileReference; fileEncoding = 4; lastKnownFileType = sourcecode.c.objc; path = ASGpsBinding.m; sourceTree = "<group>"; };
		A5BB3F12178D868700051D15 /* ASPlane.h */ = {isa = PBXFileReference; fileEncoding = 4; lastKnownFileType = sourcecode.c.h; path = ASPlane.h; sourceTree = "<group>"; };
		A5BB3F13178D868700051D15 /* ASPlane.m */ = {isa = PBXFileReference; fileEncoding = 4; lastKnownFileType = sourcecode.c.objc; path = ASPlane.m; sourceTree = "<group>"; };
		A5BB3F14178D868700051D15 /* ASPlaneDetailsViewController.h */ = {isa = PBXFileReference; fileEncoding = 4; lastKnownFileType = sourcecode.c.h; path = ASPlaneDetailsViewController.h; sourceTree = "<group>"; };
		A5BB3F15178D868700051D15 /* ASPlaneDetailsViewController.m */ = {isa = PBXFileReference; fileEncoding = 4; lastKnownFileType = sourcecode.c.objc; path = ASPlaneDetailsViewController.m; sourceTree = "<group>"; };
		A5BB3F16178D868700051D15 /* ASPlanesModel.h */ = {isa = PBXFileReference; fileEncoding = 4; lastKnownFileType = sourcecode.c.h; path = ASPlanesModel.h; sourceTree = "<group>"; };
		A5BB3F17178D868700051D15 /* ASPlanesModel.m */ = {isa = PBXFileReference; fileEncoding = 4; lastKnownFileType = sourcecode.c.objc; path = ASPlanesModel.m; sourceTree = "<group>"; };
		A5BB3F18178D868700051D15 /* ASPlanesSection.h */ = {isa = PBXFileReference; fileEncoding = 4; lastKnownFileType = sourcecode.c.h; path = ASPlanesSection.h; sourceTree = "<group>"; };
		A5BB3F19178D868700051D15 /* ASPlanesSection.m */ = {isa = PBXFileReference; fileEncoding = 4; lastKnownFileType = sourcecode.c.objc; path = ASPlanesSection.m; sourceTree = "<group>"; };
		A5BB3F1A178D868700051D15 /* ASPlanesViewController.h */ = {isa = PBXFileReference; fileEncoding = 4; lastKnownFileType = sourcecode.c.h; path = ASPlanesViewController.h; sourceTree = "<group>"; };
		A5BB3F1B178D868700051D15 /* ASPlanesViewController.m */ = {isa = PBXFileReference; fileEncoding = 4; lastKnownFileType = sourcecode.c.objc; path = ASPlanesViewController.m; sourceTree = "<group>"; };
		A5BB3F1C178D868700051D15 /* ASPoint.h */ = {isa = PBXFileReference; fileEncoding = 4; lastKnownFileType = sourcecode.c.h; path = ASPoint.h; sourceTree = "<group>"; };
		A5BB3F1D178D868700051D15 /* ASPoint.m */ = {isa = PBXFileReference; fileEncoding = 4; lastKnownFileType = sourcecode.c.objc; path = ASPoint.m; sourceTree = "<group>"; };
		A5BB3F30178D871000051D15 /* expo.json */ = {isa = PBXFileReference; fileEncoding = 4; lastKnownFileType = text.json; path = expo.json; sourceTree = "<group>"; };
		A5BB3F31178D871000051D15 /* flights.json */ = {isa = PBXFileReference; fileEncoding = 4; lastKnownFileType = text.json; path = flights.json; sourceTree = "<group>"; };
		A5BB3F32178D871000051D15 /* versions.json */ = {isa = PBXFileReference; fileEncoding = 4; lastKnownFileType = text.json; path = versions.json; sourceTree = "<group>"; };
		A5BB3F3A178D891F00051D15 /* ru */ = {isa = PBXFileReference; lastKnownFileType = text.plist.strings; name = ru; path = ru.lproj/InfoPlist.strings; sourceTree = "<group>"; };
		A5BB3F41178D89ED00051D15 /* NSDate+DateCategories.h */ = {isa = PBXFileReference; fileEncoding = 4; lastKnownFileType = sourcecode.c.h; path = "NSDate+DateCategories.h"; sourceTree = "<group>"; };
		A5BB3F42178D89ED00051D15 /* NSDate+DateCategories.m */ = {isa = PBXFileReference; fileEncoding = 4; lastKnownFileType = sourcecode.c.objc; path = "NSDate+DateCategories.m"; sourceTree = "<group>"; };
		A5BB3F43178D89ED00051D15 /* Reachability.h */ = {isa = PBXFileReference; fileEncoding = 4; lastKnownFileType = sourcecode.c.h; path = Reachability.h; sourceTree = "<group>"; };
		A5BB3F44178D89ED00051D15 /* Reachability.m */ = {isa = PBXFileReference; fileEncoding = 4; lastKnownFileType = sourcecode.c.objc; path = Reachability.m; sourceTree = "<group>"; };
		A5BB3F47178D8A5E00051D15 /* SystemConfiguration.framework */ = {isa = PBXFileReference; lastKnownFileType = wrapper.framework; name = SystemConfiguration.framework; path = System/Library/Frameworks/SystemConfiguration.framework; sourceTree = SDKROOT; };
		A5BB3F49178D8B4A00051D15 /* Descriptions */ = {isa = PBXFileReference; lastKnownFileType = folder; name = Descriptions; path = MosAirShow/Descriptions; sourceTree = "<group>"; };
		A5BB3F4A178D8B4A00051D15 /* Images */ = {isa = PBXFileReference; lastKnownFileType = folder; name = Images; path = MosAirShow/Images; sourceTree = "<group>"; };
		A5BB3F4D178D8BDD00051D15 /* CoreLocation.framework */ = {isa = PBXFileReference; lastKnownFileType = wrapper.framework; name = CoreLocation.framework; path = System/Library/Frameworks/CoreLocation.framework; sourceTree = SDKROOT; };
		A5BB3F5A178D8DF400051D15 /* en */ = {isa = PBXFileReference; lastKnownFileType = file.storyboard; name = en; path = en.lproj/MainStoryboard_iPhone.storyboard; sourceTree = "<group>"; };
		A5BB3F5B178D8DF400051D15 /* en */ = {isa = PBXFileReference; lastKnownFileType = text.plist.strings; name = en; path = en.lproj/InfoPlist.strings; sourceTree = "<group>"; };
		A5BB3F5C178D8FB900051D15 /* en */ = {isa = PBXFileReference; lastKnownFileType = file.storyboard; name = en; path = en.lproj/MainStoryboard_iPad.storyboard; sourceTree = "<group>"; };
		A5BB3F5E178D901000051D15 /* ru */ = {isa = PBXFileReference; lastKnownFileType = file.storyboard; name = ru; path = ru.lproj/MainStoryboard_iPhone.storyboard; sourceTree = "<group>"; };
/* End PBXFileReference section */

/* Begin PBXFrameworksBuildPhase section */
		A5BB3EC8178D858600051D15 /* Frameworks */ = {
			isa = PBXFrameworksBuildPhase;
			buildActionMask = 2147483647;
			files = (
				A558063B17A0F85200A3CE83 /* MapKit.framework in Frameworks */,
				A5BB3F4E178D8BDD00051D15 /* CoreLocation.framework in Frameworks */,
				A5BB3F48178D8A5E00051D15 /* SystemConfiguration.framework in Frameworks */,
				A5BB3ECF178D858600051D15 /* UIKit.framework in Frameworks */,
				A5BB3ED1178D858600051D15 /* Foundation.framework in Frameworks */,
				A5BB3ED3178D858600051D15 /* CoreGraphics.framework in Frameworks */,
			);
			runOnlyForDeploymentPostprocessing = 0;
		};
/* End PBXFrameworksBuildPhase section */

/* Begin PBXGroup section */
		A558063517A0F64600A3CE83 /* Math */ = {
			isa = PBXGroup;
			children = (
				A558063917A0F72100A3CE83 /* CGVector.h */,
				A558063C17A102BB00A3CE83 /* CGTriangle.h */,
			);
			name = Math;
			sourceTree = "<group>";
		};
		A5BB3EC2178D858600051D15 = {
			isa = PBXGroup;
			children = (
				A5BB3F49178D8B4A00051D15 /* Descriptions */,
				A5BB3F4A178D8B4A00051D15 /* Images */,
				A548302A17941C9F001F72C8 /* Photos */,
				A5BB3ED4178D858600051D15 /* MosAirShow */,
				A5BB3ECD178D858600051D15 /* Frameworks */,
				A5BB3ECC178D858600051D15 /* Products */,
			);
			sourceTree = "<group>";
		};
		A5BB3ECC178D858600051D15 /* Products */ = {
			isa = PBXGroup;
			children = (
				A5BB3ECB178D858600051D15 /* MosAirShow.app */,
			);
			name = Products;
			sourceTree = "<group>";
		};
		A5BB3ECD178D858600051D15 /* Frameworks */ = {
			isa = PBXGroup;
			children = (
				A5BB3ED2178D858600051D15 /* CoreGraphics.framework */,
				A5BB3F4D178D8BDD00051D15 /* CoreLocation.framework */,
				A5BB3ED0178D858600051D15 /* Foundation.framework */,
				A558063A17A0F85100A3CE83 /* MapKit.framework */,
				A5BB3F47178D8A5E00051D15 /* SystemConfiguration.framework */,
				A5BB3ECE178D858600051D15 /* UIKit.framework */,
			);
			name = Frameworks;
			sourceTree = "<group>";
		};
		A5BB3ED4178D858600051D15 /* MosAirShow */ = {
			isa = PBXGroup;
			children = (
				A5BB3F55178D8D7600051D15 /* MainStoryboard_iPhone.storyboard */,
				A5BB3F53178D8D7600051D15 /* MainStoryboard_iPad.storyboard */,
				A558063517A0F64600A3CE83 /* Math */,
				A5BB3EF3178D860F00051D15 /* Model */,
				A5BB3F2F178D86EE00051D15 /* JSON files */,
				A5BB3EF4178D864500051D15 /* ASAppDelegate.h */,
				A5BB3EF5178D864500051D15 /* ASAppDelegate.m */,
				A5BB3EFA178D864500051D15 /* ASExpoViewController.h */,
				A5BB3EFB178D864500051D15 /* ASExpoViewController.m */,
				A5BB3EF8178D864500051D15 /* ASExpoView.h */,
				A5BB3EF9178D864500051D15 /* ASExpoView.m */,
				A5BB3EF6178D864500051D15 /* ASExpoItemView.h */,
				A5BB3EF7178D864500051D15 /* ASExpoItemView.m */,
				A5BB3F14178D868700051D15 /* ASPlaneDetailsViewController.h */,
				A5BB3F15178D868700051D15 /* ASPlaneDetailsViewController.m */,
				A5BB3F1A178D868700051D15 /* ASPlanesViewController.h */,
				A5BB3F1B178D868700051D15 /* ASPlanesViewController.m */,
				A5BB3F0E178D868700051D15 /* ASFlightsViewController.h */,
				A5BB3F0F178D868700051D15 /* ASFlightsViewController.m */,
				A5BB3F03178D866400051D15 /* ASFlightDetailsViewController.h */,
				A5BB3F04178D866400051D15 /* ASFlightDetailsViewController.m */,
				A5BB3F0C178D868700051D15 /* ASFlightsTableCell.h */,
				A5BB3F0D178D868700051D15 /* ASFlightsTableCell.m */,
				A5BB3F41178D89ED00051D15 /* NSDate+DateCategories.h */,
				A5BB3F42178D89ED00051D15 /* NSDate+DateCategories.m */,
				A5BB3F43178D89ED00051D15 /* Reachability.h */,
				A5BB3F44178D89ED00051D15 /* Reachability.m */,
				A5BB3ED5178D858600051D15 /* Supporting Files */,
			);
			path = MosAirShow;
			sourceTree = "<group>";
		};
		A5BB3ED5178D858600051D15 /* Supporting Files */ = {
			isa = PBXGroup;
			children = (
				A5BB3ED6178D858600051D15 /* MosAirShow-Info.plist */,
				A5BB3ED7178D858600051D15 /* InfoPlist.strings */,
				A548304617980E94001F72C8 /* Strings.strings */,
				A5BB3EDA178D858600051D15 /* main.m */,
				A5BB3EDC178D858600051D15 /* MosAirShow-Prefix.pch */,
				A5483040179803FF001F72C8 /* lii_icon@2x.png */,
				A548303E179803F2001F72C8 /* lii_icon.png */,
				A548303C179803EB001F72C8 /* lii_icon_iphone@2x.png */,
				A548303A179803E7001F72C8 /* lii_icon_iphone.png */,
				A548302E1798031B001F72C8 /* about_icon.png */,
				A548302F1798031B001F72C8 /* about_icon@2x.png */,
				A54830301798031C001F72C8 /* flights_icon.png */,
				A54830311798031C001F72C8 /* flights_icon@2x.png */,
				A54830321798031D001F72C8 /* static_icon.png */,
				A54830331798031D001F72C8 /* static_icon@2x.png */,
				A558063D17A1974900A3CE83 /* location-icon.png */,
				A548302C1796C944001F72C8 /* LII.png */,
				A5BB3EE0178D858600051D15 /* Default.png */,
				A5BB3EE2178D858600051D15 /* Default@2x.png */,
				A5BB3EE4178D858600051D15 /* Default-568h@2x.png */,
			);
			name = "Supporting Files";
			sourceTree = "<group>";
		};
		A5BB3EF3178D860F00051D15 /* Model */ = {
			isa = PBXGroup;
			children = (
				A5BB3F16178D868700051D15 /* ASPlanesModel.h */,
				A5BB3F17178D868700051D15 /* ASPlanesModel.m */,
				A5BB3F18178D868700051D15 /* ASPlanesSection.h */,
				A5BB3F19178D868700051D15 /* ASPlanesSection.m */,
				A5BB3F10178D868700051D15 /* ASGpsBinding.h */,
				A5BB3F11178D868700051D15 /* ASGpsBinding.m */,
				A5BB3F1C178D868700051D15 /* ASPoint.h */,
				A5BB3F1D178D868700051D15 /* ASPoint.m */,
				A5BB3F12178D868700051D15 /* ASPlane.h */,
				A5BB3F13178D868700051D15 /* ASPlane.m */,
				A5BB3F06178D867400051D15 /* ASFlightsDay.h */,
				A5BB3F07178D867400051D15 /* ASFlightsDay.m */,
				A5BB3F08178D867400051D15 /* ASFlightsModel.h */,
				A5BB3F09178D867400051D15 /* ASFlightsModel.m */,
				A5BB3F00178D865500051D15 /* ASFlight.h */,
				A5BB3F01178D865500051D15 /* ASFlight.m */,
			);
			name = Model;
			sourceTree = "<group>";
		};
		A5BB3F2F178D86EE00051D15 /* JSON files */ = {
			isa = PBXGroup;
			children = (
				A5BB3F30178D871000051D15 /* expo.json */,
				A5BB3F31178D871000051D15 /* flights.json */,
				A5BB3F32178D871000051D15 /* versions.json */,
			);
			name = "JSON files";
			sourceTree = "<group>";
		};
/* End PBXGroup section */

/* Begin PBXNativeTarget section */
		A5BB3ECA178D858600051D15 /* MosAirShow */ = {
			isa = PBXNativeTarget;
			buildConfigurationList = A5BB3EE8178D858700051D15 /* Build configuration list for PBXNativeTarget "MosAirShow" */;
			buildPhases = (
				A5BB3EC7178D858600051D15 /* Sources */,
				A5BB3EC8178D858600051D15 /* Frameworks */,
				A5BB3EC9178D858600051D15 /* Resources */,
			);
			buildRules = (
			);
			dependencies = (
			);
			name = MosAirShow;
			productName = MosAirShow;
			productReference = A5BB3ECB178D858600051D15 /* MosAirShow.app */;
			productType = "com.apple.product-type.application";
		};
/* End PBXNativeTarget section */

/* Begin PBXProject section */
		A5BB3EC3178D858600051D15 /* Project object */ = {
			isa = PBXProject;
			attributes = {
				CLASSPREFIX = AS;
				LastUpgradeCheck = 0460;
				ORGANIZATIONNAME = "Sergey Nestertsev";
			};
			buildConfigurationList = A5BB3EC6178D858600051D15 /* Build configuration list for PBXProject "MosAirShow" */;
			compatibilityVersion = "Xcode 3.2";
			developmentRegion = English;
			hasScannedForEncodings = 0;
			knownRegions = (
				en,
				ru,
			);
			mainGroup = A5BB3EC2178D858600051D15;
			productRefGroup = A5BB3ECC178D858600051D15 /* Products */;
			projectDirPath = "";
			projectRoot = "";
			targets = (
				A5BB3ECA178D858600051D15 /* MosAirShow */,
			);
		};
/* End PBXProject section */

/* Begin PBXResourcesBuildPhase section */
		A5BB3EC9178D858600051D15 /* Resources */ = {
			isa = PBXResourcesBuildPhase;
			buildActionMask = 2147483647;
			files = (
				A5BB3EE1178D858600051D15 /* Default.png in Resources */,
				A5BB3EE3178D858600051D15 /* Default@2x.png in Resources */,
				A5BB3EE5178D858600051D15 /* Default-568h@2x.png in Resources */,
				A5BB3F33178D871000051D15 /* expo.json in Resources */,
				A5BB3F34178D871000051D15 /* flights.json in Resources */,
				A5BB3F35178D871000051D15 /* versions.json in Resources */,
				A5BB3F4B178D8B4A00051D15 /* Descriptions in Resources */,
				A5BB3F4C178D8B4A00051D15 /* Images in Resources */,
				A5BB3F52178D8D0E00051D15 /* InfoPlist.strings in Resources */,
				A5BB3F57178D8D7600051D15 /* MainStoryboard_iPad.storyboard in Resources */,
				A5BB3F58178D8D7600051D15 /* MainStoryboard_iPhone.storyboard in Resources */,
				A548302B17941C9F001F72C8 /* Photos in Resources */,
				A548302D1796C944001F72C8 /* LII.png in Resources */,
				A54830341798031D001F72C8 /* about_icon.png in Resources */,
				A54830351798031D001F72C8 /* about_icon@2x.png in Resources */,
				A54830361798031D001F72C8 /* flights_icon.png in Resources */,
				A54830371798031D001F72C8 /* flights_icon@2x.png in Resources */,
				A54830381798031D001F72C8 /* static_icon.png in Resources */,
				A54830391798031D001F72C8 /* static_icon@2x.png in Resources */,
				A548303B179803E8001F72C8 /* lii_icon_iphone.png in Resources */,
				A548303D179803EB001F72C8 /* lii_icon_iphone@2x.png in Resources */,
				A548303F179803F2001F72C8 /* lii_icon.png in Resources */,
				A5483041179803FF001F72C8 /* lii_icon@2x.png in Resources */,
				A548304417980E94001F72C8 /* Strings.strings in Resources */,
				A558063E17A1974900A3CE83 /* location-icon.png in Resources */,
			);
			runOnlyForDeploymentPostprocessing = 0;
		};
/* End PBXResourcesBuildPhase section */

/* Begin PBXSourcesBuildPhase section */
		A5BB3EC7178D858600051D15 /* Sources */ = {
			isa = PBXSourcesBuildPhase;
			buildActionMask = 2147483647;
			files = (
				A5BB3EDB178D858600051D15 /* main.m in Sources */,
				A5BB3EFC178D864500051D15 /* ASAppDelegate.m in Sources */,
				A5BB3EFD178D864500051D15 /* ASExpoItemView.m in Sources */,
				A5BB3EFE178D864500051D15 /* ASExpoView.m in Sources */,
				A5BB3EFF178D864500051D15 /* ASExpoViewController.m in Sources */,
				A5BB3F02178D865500051D15 /* ASFlight.m in Sources */,
				A5BB3F05178D866400051D15 /* ASFlightDetailsViewController.m in Sources */,
				A5BB3F0A178D867400051D15 /* ASFlightsDay.m in Sources */,
				A5BB3F0B178D867400051D15 /* ASFlightsModel.m in Sources */,
				A5BB3F1E178D868700051D15 /* ASFlightsTableCell.m in Sources */,
				A5BB3F1F178D868700051D15 /* ASFlightsViewController.m in Sources */,
				A5BB3F20178D868700051D15 /* ASGpsBinding.m in Sources */,
				A5BB3F21178D868700051D15 /* ASPlane.m in Sources */,
				A5BB3F22178D868700051D15 /* ASPlaneDetailsViewController.m in Sources */,
				A5BB3F23178D868700051D15 /* ASPlanesModel.m in Sources */,
				A5BB3F24178D868700051D15 /* ASPlanesSection.m in Sources */,
				A5BB3F25178D868700051D15 /* ASPlanesViewController.m in Sources */,
				A5BB3F26178D868700051D15 /* ASPoint.m in Sources */,
				A5BB3F45178D89ED00051D15 /* NSDate+DateCategories.m in Sources */,
				A5BB3F46178D89ED00051D15 /* Reachability.m in Sources */,
			);
			runOnlyForDeploymentPostprocessing = 0;
		};
/* End PBXSourcesBuildPhase section */

/* Begin PBXVariantGroup section */
		A548304617980E94001F72C8 /* Strings.strings */ = {
			isa = PBXVariantGroup;
			children = (
				A548304517980E94001F72C8 /* en */,
				A548304717980E99001F72C8 /* ru */,
			);
			name = Strings.strings;
			sourceTree = "<group>";
		};
		A5BB3ED7178D858600051D15 /* InfoPlist.strings */ = {
			isa = PBXVariantGroup;
			children = (
				A5BB3F3A178D891F00051D15 /* ru */,
				A5BB3F5B178D8DF400051D15 /* en */,
			);
			name = InfoPlist.strings;
			sourceTree = "<group>";
		};
		A5BB3F53178D8D7600051D15 /* MainStoryboard_iPad.storyboard */ = {
			isa = PBXVariantGroup;
			children = (
				A5BB3F5C178D8FB900051D15 /* en */,
				A558063F17A53A5400A3CE83 /* ru */,
			);
			name = MainStoryboard_iPad.storyboard;
			path = ..;
			sourceTree = "<group>";
		};
		A5BB3F55178D8D7600051D15 /* MainStoryboard_iPhone.storyboard */ = {
			isa = PBXVariantGroup;
			children = (
				A5BB3F5A178D8DF400051D15 /* en */,
				A5BB3F5E178D901000051D15 /* ru */,
			);
			name = MainStoryboard_iPhone.storyboard;
			path = ..;
			sourceTree = "<group>";
		};
/* End PBXVariantGroup section */

/* Begin XCBuildConfiguration section */
		A5BB3EE6178D858600051D15 /* Debug */ = {
			isa = XCBuildConfiguration;
			buildSettings = {
				ALWAYS_SEARCH_USER_PATHS = NO;
				CLANG_CXX_LANGUAGE_STANDARD = "gnu++0x";
				CLANG_CXX_LIBRARY = "libc++";
				CLANG_ENABLE_OBJC_ARC = YES;
				CLANG_WARN_CONSTANT_CONVERSION = YES;
				CLANG_WARN_EMPTY_BODY = YES;
				CLANG_WARN_ENUM_CONVERSION = YES;
				CLANG_WARN_INT_CONVERSION = YES;
				CLANG_WARN__DUPLICATE_METHOD_MATCH = YES;
				"CODE_SIGN_IDENTITY[sdk=iphoneos*]" = "iPhone Developer";
				COPY_PHASE_STRIP = NO;
				GCC_C_LANGUAGE_STANDARD = gnu99;
				GCC_DYNAMIC_NO_PIC = NO;
				GCC_OPTIMIZATION_LEVEL = 0;
				GCC_PREPROCESSOR_DEFINITIONS = (
					"DEBUG=1",
					"$(inherited)",
				);
				GCC_SYMBOLS_PRIVATE_EXTERN = NO;
				GCC_WARN_ABOUT_RETURN_TYPE = YES;
				GCC_WARN_UNINITIALIZED_AUTOS = YES;
				GCC_WARN_UNUSED_VARIABLE = YES;
				IPHONEOS_DEPLOYMENT_TARGET = 6.0;
				ONLY_ACTIVE_ARCH = YES;
				SDKROOT = iphoneos;
				TARGETED_DEVICE_FAMILY = "1,2";
			};
			name = Debug;
		};
		A5BB3EE7178D858600051D15 /* Release */ = {
			isa = XCBuildConfiguration;
			buildSettings = {
				ALWAYS_SEARCH_USER_PATHS = NO;
				CLANG_CXX_LANGUAGE_STANDARD = "gnu++0x";
				CLANG_CXX_LIBRARY = "libc++";
				CLANG_ENABLE_OBJC_ARC = YES;
				CLANG_WARN_CONSTANT_CONVERSION = YES;
				CLANG_WARN_EMPTY_BODY = YES;
				CLANG_WARN_ENUM_CONVERSION = YES;
				CLANG_WARN_INT_CONVERSION = YES;
				CLANG_WARN__DUPLICATE_METHOD_MATCH = YES;
				"CODE_SIGN_IDENTITY[sdk=iphoneos*]" = "iPhone Developer";
				COPY_PHASE_STRIP = YES;
				GCC_C_LANGUAGE_STANDARD = gnu99;
				GCC_WARN_ABOUT_RETURN_TYPE = YES;
				GCC_WARN_UNINITIALIZED_AUTOS = YES;
				GCC_WARN_UNUSED_VARIABLE = YES;
				IPHONEOS_DEPLOYMENT_TARGET = 6.0;
				OTHER_CFLAGS = "-DNS_BLOCK_ASSERTIONS=1";
				SDKROOT = iphoneos;
				TARGETED_DEVICE_FAMILY = "1,2";
				VALIDATE_PRODUCT = YES;
			};
			name = Release;
		};
		A5BB3EE9178D858700051D15 /* Debug */ = {
			isa = XCBuildConfiguration;
			buildSettings = {
				GCC_PRECOMPILE_PREFIX_HEADER = YES;
				GCC_PREFIX_HEADER = "MosAirShow/MosAirShow-Prefix.pch";
				INFOPLIST_FILE = "MosAirShow/MosAirShow-Info.plist";
				PRODUCT_NAME = "$(TARGET_NAME)";
				WRAPPER_EXTENSION = app;
			};
			name = Debug;
		};
		A5BB3EEA178D858700051D15 /* Release */ = {
			isa = XCBuildConfiguration;
			buildSettings = {
				GCC_PRECOMPILE_PREFIX_HEADER = YES;
				GCC_PREFIX_HEADER = "MosAirShow/MosAirShow-Prefix.pch";
				INFOPLIST_FILE = "MosAirShow/MosAirShow-Info.plist";
				PRODUCT_NAME = "$(TARGET_NAME)";
				WRAPPER_EXTENSION = app;
			};
			name = Release;
		};
/* End XCBuildConfiguration section */

/* Begin XCConfigurationList section */
		A5BB3EC6178D858600051D15 /* Build configuration list for PBXProject "MosAirShow" */ = {
			isa = XCConfigurationList;
			buildConfigurations = (
				A5BB3EE6178D858600051D15 /* Debug */,
				A5BB3EE7178D858600051D15 /* Release */,
			);
			defaultConfigurationIsVisible = 0;
			defaultConfigurationName = Release;
		};
		A5BB3EE8178D858700051D15 /* Build configuration list for PBXNativeTarget "MosAirShow" */ = {
			isa = XCConfigurationList;
			buildConfigurations = (
				A5BB3EE9178D858700051D15 /* Debug */,
				A5BB3EEA178D858700051D15 /* Release */,
			);
			defaultConfigurationIsVisible = 0;
			defaultConfigurationName = Release;
		};
/* End XCConfigurationList section */
	};
	rootObject = A5BB3EC3178D858600051D15 /* Project object */;
}
